
Microsoft Visual Studio Solution File, Format Version 12.00
# Visual Studio Version 16
VisualStudioVersion = 16.0.31424.327
MinimumVisualStudioVersion = 10.0.40219.1
Project("{9A19103F-16F7-4668-BE54-9A1E7A4F7556}") = "Course", "Course\Course.csproj", "{60816337-E76C-47CC-9284-28708D5B951C}"
EndProject
Project("{9A19103F-16F7-4668-BE54-9A1E7A4F7556}") = "Funcionario", "Funcionario\Funcionario.csproj", "{722CA473-2F8D-4EF9-99B5-2642E6BEB268}"
EndProject
Project("{9A19103F-16F7-4668-BE54-9A1E7A4F7556}") = "Aluno", "Aluno\Aluno.csproj", "{923A0A52-17E5-4090-A51A-DC21D2B0158C}"
EndProject
Project("{9A19103F-16F7-4668-BE54-9A1E7A4F7556}") = "Pessoa", "Pessoa\Pessoa.csproj", "{27EF751F-87E7-4050-8AC7-E452B0338BEB}"
EndProject
Project("{9A19103F-16F7-4668-BE54-9A1E7A4F7556}") = "Salario", "Salario\Salario.csproj", "{7E14FB78-9FF5-42C1-9191-E5BE0A709047}"
EndProject
Project("{9A19103F-16F7-4668-BE54-9A1E7A4F7556}") = "Soma", "Soma\Soma.csproj", "{66D5CE6D-48BE-444D-998D-073D1A4F9030}"
EndProject
Project("{9A19103F-16F7-4668-BE54-9A1E7A4F7556}") = "Raio", "Raio\Raio.csproj", "{0180DAE1-9888-44E7-A0F9-C30C49B3CDB7}"
EndProject
Project("{9A19103F-16F7-4668-BE54-9A1E7A4F7556}") = "Diferenca", "Diferenca\Diferenca.csproj", "{2CE804C0-9383-49E4-BBD6-BB28E47914BC}"
EndProject
Project("{9A19103F-16F7-4668-BE54-9A1E7A4F7556}") = "ValorHora", "ValorHora\ValorHora.csproj", "{8BECDA97-F7EF-44D8-BEA3-DD7DCB4BF011}"
EndProject
Project("{9A19103F-16F7-4668-BE54-9A1E7A4F7556}") = "Peca", "Peca\Peca.csproj", "{3D84B727-9862-4099-8AC2-AF13FDC0FC4F}"
EndProject
Project("{9A19103F-16F7-4668-BE54-9A1E7A4F7556}") = "Area", "Area\Area.csproj", "{1EA73300-B529-448A-A619-1887457E2381}"
EndProject
Project("{9A19103F-16F7-4668-BE54-9A1E7A4F7556}") = "Numero", "Numero\Numero.csproj", "{485FFE46-19CB-4227-9325-A8FF1830E767}"
EndProject
Project("{9A19103F-16F7-4668-BE54-9A1E7A4F7556}") = "ParImpar", "ParImpar\ParImpar.csproj", "{CB71E815-4664-4C52-A992-D46BD95C9DD7}"
EndProject
Project("{9A19103F-16F7-4668-BE54-9A1E7A4F7556}") = "Multiplos", "Multiplos\Multiplos.csproj", "{9C0D5F23-0C95-488B-962E-08BC357BA695}"
EndProject
Project("{9A19103F-16F7-4668-BE54-9A1E7A4F7556}") = "DuracaoJogo", "DuracaoJogo\DuracaoJogo.csproj", "{313FBEAE-7CE7-4C76-80C5-8599DD229FA6}"
EndProject
Project("{9A19103F-16F7-4668-BE54-9A1E7A4F7556}") = "QtdeItem", "QtdeItem\QtdeItem.csproj", "{2D32D7A8-A821-4EB9-AC73-BF401B0DEC52}"
EndProject
Project("{9A19103F-16F7-4668-BE54-9A1E7A4F7556}") = "Intervalo", "Intervalo\Intervalo.csproj", "{4EBBA0DE-556F-4C9C-A7D6-66C9ED190CF0}"
EndProject
Project("{9A19103F-16F7-4668-BE54-9A1E7A4F7556}") = "Quadrante", "Quadrante\Quadrante.csproj", "{8F276B3E-F8E2-45FF-A178-2A0887D67E01}"
EndProject
Project("{9A19103F-16F7-4668-BE54-9A1E7A4F7556}") = "Imposto", "Imposto\Imposto.csproj", "{6C6D6EAF-DE76-40BD-940A-F5A8BED46523}"
EndProject
Project("{9A19103F-16F7-4668-BE54-9A1E7A4F7556}") = "Senha", "Senha\Senha.csproj", "{947925C4-8491-4AA0-8DD3-E785B4BE4CE7}"
EndProject
Project("{9A19103F-16F7-4668-BE54-9A1E7A4F7556}") = "SistemaCartesiano", "SistemaCartesiano\SistemaCartesiano.csproj", "{8326A553-CEBA-42A1-BB6D-0E3737B716F0}"
EndProject
Project("{9A19103F-16F7-4668-BE54-9A1E7A4F7556}") = "Combustiveis", "Combustiveis\Combustiveis.csproj", "{696188F1-EA5D-45CC-B749-1837120962FD}"
EndProject
Project("{9A19103F-16F7-4668-BE54-9A1E7A4F7556}") = "NumerosImpares", "NumerosImpares\NumerosImpares.csproj", "{C40AC8C1-593D-4D89-8C01-EF1D31F956EC}"
EndProject
Project("{9A19103F-16F7-4668-BE54-9A1E7A4F7556}") = "IntervaloDentroFora", "IntervaloDentroFora\IntervaloDentroFora.csproj", "{558CA03A-FCC2-4D35-9527-40747E291C8F}"
EndProject
Project("{9A19103F-16F7-4668-BE54-9A1E7A4F7556}") = "MediaPonderada", "MediaPonderada\MediaPonderada.csproj", "{C4865207-FED1-4EDF-B55B-EC0D3BA447A8}"
EndProject
Project("{9A19103F-16F7-4668-BE54-9A1E7A4F7556}") = "Divisao", "Divisao\Divisao.csproj", "{41C880D1-6164-4322-921E-ADE88C3A91E3}"
EndProject
Project("{9A19103F-16F7-4668-BE54-9A1E7A4F7556}") = "Fatorial", "Fatorial\Fatorial.csproj", "{749CC8F0-2BC6-4B7B-BC35-77144DC6109D}"
EndProject
Project("{9A19103F-16F7-4668-BE54-9A1E7A4F7556}") = "Divisores", "Divisores\Divisores.csproj", "{167CADA4-EAAD-4427-B589-515AABF15A50}"
EndProject
Project("{9A19103F-16F7-4668-BE54-9A1E7A4F7556}") = "QuadradoCubo", "QuadradoCubo\QuadradoCubo.csproj", "{DE637053-D480-4D84-83D7-32CF8B2F6B29}"
EndProject
Project("{9A19103F-16F7-4668-BE54-9A1E7A4F7556}") = "Produto_1", "Produto\Produto_1.csproj", "{384C65DB-6782-4D73-BB28-B0B2734CFA69}"
EndProject
Project("{9A19103F-16F7-4668-BE54-9A1E7A4F7556}") = "Produto_2", "Produto_2\Produto_2.csproj", "{2154AEC1-063F-4505-B48C-65E6C509FC08}"
EndProject
Project("{9A19103F-16F7-4668-BE54-9A1E7A4F7556}") = "ContaBancaria", "ContaBancaria\ContaBancaria.csproj", "{60A7EC32-BA81-4553-8EA4-6151C768DF90}"
EndProject
Project("{9A19103F-16F7-4668-BE54-9A1E7A4F7556}") = "NullAble", "NullAble\NullAble.csproj", "{D4351074-73B4-4ED0-8250-B6DFA0A2A306}"
EndProject
Project("{9A19103F-16F7-4668-BE54-9A1E7A4F7556}") = "Vetor", "Vetor\Vetor.csproj", "{5DDCA575-17A9-4B55-B276-2D0E913D258B}"
EndProject
Project("{9A19103F-16F7-4668-BE54-9A1E7A4F7556}") = "Vetor2", "Vetor2\Vetor2.csproj", "{1359DEDA-4FB6-4900-A877-92556D2E6965}"
EndProject
Project("{9A19103F-16F7-4668-BE54-9A1E7A4F7556}") = "Estudante", "Estudante\Estudante.csproj", "{F1077517-E20F-4D90-8F4A-A7DAAA1C63A5}"
EndProject
Project("{9A19103F-16F7-4668-BE54-9A1E7A4F7556}") = "Calculator", "Calculator\Calculator.csproj", "{6DAEE557-D00C-4BCF-8459-A5101982BC41}"
EndProject
Project("{9A19103F-16F7-4668-BE54-9A1E7A4F7556}") = "Employee", "Employee\Employee.csproj", "{A3F2C3E5-228D-4BB2-8A34-8213A6868592}"
EndProject
Project("{9A19103F-16F7-4668-BE54-9A1E7A4F7556}") = "Matriz", "Matriz\Matriz.csproj", "{1A47A677-89ED-4838-AF4F-3055E0313180}"
EndProject
Project("{9A19103F-16F7-4668-BE54-9A1E7A4F7556}") = "Matriz_1", "Matriz_1\Matriz_1.csproj", "{D0F64FB1-E1BF-4E64-BFAA-D6A54A58C096}"
EndProject
Project("{9A19103F-16F7-4668-BE54-9A1E7A4F7556}") = "Matriz_2", "Matriz_2\Matriz_2.csproj", "{5B1CDC99-9EE0-4AF0-99C7-DA0B0F49032B}"
EndProject
Project("{9A19103F-16F7-4668-BE54-9A1E7A4F7556}") = "SwitchCase", "SwitchCase\SwitchCase.csproj", "{5649206E-5A84-4E62-ABA3-E7F7AB2169CA}"
EndProject
Project("{9A19103F-16F7-4668-BE54-9A1E7A4F7556}") = "FuncoesString", "FuncoesString\FuncoesString.csproj", "{F4B98914-E4E4-412A-A94B-A20386C50298}"
EndProject
Project("{9A19103F-16F7-4668-BE54-9A1E7A4F7556}") = "DateTimeEx", "DateTime\DateTimeEx.csproj", "{51614D9A-5ED8-4F7F-BDC3-B8646D494A89}"
EndProject
Project("{9A19103F-16F7-4668-BE54-9A1E7A4F7556}") = "DateTimeString", "DateTimeString\DateTimeString.csproj", "{C1A56F82-5338-4BA7-87CF-B024643513C8}"
EndProject
Project("{9A19103F-16F7-4668-BE54-9A1E7A4F7556}") = "Order", "Order\Order.csproj", "{200E0887-03B8-4474-B028-845BC392448F}"
EndProject
Project("{9A19103F-16F7-4668-BE54-9A1E7A4F7556}") = "Trabalhador", "Trabalhador\Trabalhador.csproj", "{AB921408-9A74-4F40-85F1-0A4062D544E5}"
EndProject
Project("{9A19103F-16F7-4668-BE54-9A1E7A4F7556}") = "Traveling", "Traveling\Traveling.csproj", "{0B59BA1E-59FF-4F29-A3C4-85DE4AEAFB4C}"
EndProject
Project("{9A19103F-16F7-4668-BE54-9A1E7A4F7556}") = "Pedido", "Pedido\Pedido.csproj", "{0479C98E-EBC0-4E18-8554-22D9AC0218DF}"
EndProject
Project("{FAE04EC0-301F-11D3-BF4B-00C04F79EFBC}") = "StringBuilderEx", "StringBuilder\StringBuilderEx.csproj", "{CB64B592-DFD8-4478-A7EE-1A2DF8B87AE7}"
EndProject
Project("{FAE04EC0-301F-11D3-BF4B-00C04F79EFBC}") = "Composition3", "Composition3\Composition3.csproj", "{D90BD1D3-E01E-434F-B0E9-BC807BC71B1B}"
EndProject
Global
	GlobalSection(SolutionConfigurationPlatforms) = preSolution
		Debug|Any CPU = Debug|Any CPU
		Release|Any CPU = Release|Any CPU
	EndGlobalSection
	GlobalSection(ProjectConfigurationPlatforms) = postSolution
		{60816337-E76C-47CC-9284-28708D5B951C}.Debug|Any CPU.ActiveCfg = Debug|Any CPU
		{60816337-E76C-47CC-9284-28708D5B951C}.Debug|Any CPU.Build.0 = Debug|Any CPU
		{60816337-E76C-47CC-9284-28708D5B951C}.Release|Any CPU.ActiveCfg = Release|Any CPU
		{60816337-E76C-47CC-9284-28708D5B951C}.Release|Any CPU.Build.0 = Release|Any CPU
		{722CA473-2F8D-4EF9-99B5-2642E6BEB268}.Debug|Any CPU.ActiveCfg = Debug|Any CPU
		{722CA473-2F8D-4EF9-99B5-2642E6BEB268}.Debug|Any CPU.Build.0 = Debug|Any CPU
		{722CA473-2F8D-4EF9-99B5-2642E6BEB268}.Release|Any CPU.ActiveCfg = Release|Any CPU
		{722CA473-2F8D-4EF9-99B5-2642E6BEB268}.Release|Any CPU.Build.0 = Release|Any CPU
		{923A0A52-17E5-4090-A51A-DC21D2B0158C}.Debug|Any CPU.ActiveCfg = Debug|Any CPU
		{923A0A52-17E5-4090-A51A-DC21D2B0158C}.Debug|Any CPU.Build.0 = Debug|Any CPU
		{923A0A52-17E5-4090-A51A-DC21D2B0158C}.Release|Any CPU.ActiveCfg = Release|Any CPU
		{923A0A52-17E5-4090-A51A-DC21D2B0158C}.Release|Any CPU.Build.0 = Release|Any CPU
		{27EF751F-87E7-4050-8AC7-E452B0338BEB}.Debug|Any CPU.ActiveCfg = Debug|Any CPU
		{27EF751F-87E7-4050-8AC7-E452B0338BEB}.Debug|Any CPU.Build.0 = Debug|Any CPU
		{27EF751F-87E7-4050-8AC7-E452B0338BEB}.Release|Any CPU.ActiveCfg = Release|Any CPU
		{27EF751F-87E7-4050-8AC7-E452B0338BEB}.Release|Any CPU.Build.0 = Release|Any CPU
		{7E14FB78-9FF5-42C1-9191-E5BE0A709047}.Debug|Any CPU.ActiveCfg = Debug|Any CPU
		{7E14FB78-9FF5-42C1-9191-E5BE0A709047}.Debug|Any CPU.Build.0 = Debug|Any CPU
		{7E14FB78-9FF5-42C1-9191-E5BE0A709047}.Release|Any CPU.ActiveCfg = Release|Any CPU
		{7E14FB78-9FF5-42C1-9191-E5BE0A709047}.Release|Any CPU.Build.0 = Release|Any CPU
		{66D5CE6D-48BE-444D-998D-073D1A4F9030}.Debug|Any CPU.ActiveCfg = Debug|Any CPU
		{66D5CE6D-48BE-444D-998D-073D1A4F9030}.Debug|Any CPU.Build.0 = Debug|Any CPU
		{66D5CE6D-48BE-444D-998D-073D1A4F9030}.Release|Any CPU.ActiveCfg = Release|Any CPU
		{66D5CE6D-48BE-444D-998D-073D1A4F9030}.Release|Any CPU.Build.0 = Release|Any CPU
		{0180DAE1-9888-44E7-A0F9-C30C49B3CDB7}.Debug|Any CPU.ActiveCfg = Debug|Any CPU
		{0180DAE1-9888-44E7-A0F9-C30C49B3CDB7}.Debug|Any CPU.Build.0 = Debug|Any CPU
		{0180DAE1-9888-44E7-A0F9-C30C49B3CDB7}.Release|Any CPU.ActiveCfg = Release|Any CPU
		{0180DAE1-9888-44E7-A0F9-C30C49B3CDB7}.Release|Any CPU.Build.0 = Release|Any CPU
		{2CE804C0-9383-49E4-BBD6-BB28E47914BC}.Debug|Any CPU.ActiveCfg = Debug|Any CPU
		{2CE804C0-9383-49E4-BBD6-BB28E47914BC}.Debug|Any CPU.Build.0 = Debug|Any CPU
		{2CE804C0-9383-49E4-BBD6-BB28E47914BC}.Release|Any CPU.ActiveCfg = Release|Any CPU
		{2CE804C0-9383-49E4-BBD6-BB28E47914BC}.Release|Any CPU.Build.0 = Release|Any CPU
		{8BECDA97-F7EF-44D8-BEA3-DD7DCB4BF011}.Debug|Any CPU.ActiveCfg = Debug|Any CPU
		{8BECDA97-F7EF-44D8-BEA3-DD7DCB4BF011}.Debug|Any CPU.Build.0 = Debug|Any CPU
		{8BECDA97-F7EF-44D8-BEA3-DD7DCB4BF011}.Release|Any CPU.ActiveCfg = Release|Any CPU
		{8BECDA97-F7EF-44D8-BEA3-DD7DCB4BF011}.Release|Any CPU.Build.0 = Release|Any CPU
		{3D84B727-9862-4099-8AC2-AF13FDC0FC4F}.Debug|Any CPU.ActiveCfg = Debug|Any CPU
		{3D84B727-9862-4099-8AC2-AF13FDC0FC4F}.Debug|Any CPU.Build.0 = Debug|Any CPU
		{3D84B727-9862-4099-8AC2-AF13FDC0FC4F}.Release|Any CPU.ActiveCfg = Release|Any CPU
		{3D84B727-9862-4099-8AC2-AF13FDC0FC4F}.Release|Any CPU.Build.0 = Release|Any CPU
		{1EA73300-B529-448A-A619-1887457E2381}.Debug|Any CPU.ActiveCfg = Debug|Any CPU
		{1EA73300-B529-448A-A619-1887457E2381}.Debug|Any CPU.Build.0 = Debug|Any CPU
		{1EA73300-B529-448A-A619-1887457E2381}.Release|Any CPU.ActiveCfg = Release|Any CPU
		{1EA73300-B529-448A-A619-1887457E2381}.Release|Any CPU.Build.0 = Release|Any CPU
		{485FFE46-19CB-4227-9325-A8FF1830E767}.Debug|Any CPU.ActiveCfg = Debug|Any CPU
		{485FFE46-19CB-4227-9325-A8FF1830E767}.Debug|Any CPU.Build.0 = Debug|Any CPU
		{485FFE46-19CB-4227-9325-A8FF1830E767}.Release|Any CPU.ActiveCfg = Release|Any CPU
		{485FFE46-19CB-4227-9325-A8FF1830E767}.Release|Any CPU.Build.0 = Release|Any CPU
		{CB71E815-4664-4C52-A992-D46BD95C9DD7}.Debug|Any CPU.ActiveCfg = Debug|Any CPU
		{CB71E815-4664-4C52-A992-D46BD95C9DD7}.Debug|Any CPU.Build.0 = Debug|Any CPU
		{CB71E815-4664-4C52-A992-D46BD95C9DD7}.Release|Any CPU.ActiveCfg = Release|Any CPU
		{CB71E815-4664-4C52-A992-D46BD95C9DD7}.Release|Any CPU.Build.0 = Release|Any CPU
		{9C0D5F23-0C95-488B-962E-08BC357BA695}.Debug|Any CPU.ActiveCfg = Debug|Any CPU
		{9C0D5F23-0C95-488B-962E-08BC357BA695}.Debug|Any CPU.Build.0 = Debug|Any CPU
		{9C0D5F23-0C95-488B-962E-08BC357BA695}.Release|Any CPU.ActiveCfg = Release|Any CPU
		{9C0D5F23-0C95-488B-962E-08BC357BA695}.Release|Any CPU.Build.0 = Release|Any CPU
		{313FBEAE-7CE7-4C76-80C5-8599DD229FA6}.Debug|Any CPU.ActiveCfg = Debug|Any CPU
		{313FBEAE-7CE7-4C76-80C5-8599DD229FA6}.Debug|Any CPU.Build.0 = Debug|Any CPU
		{313FBEAE-7CE7-4C76-80C5-8599DD229FA6}.Release|Any CPU.ActiveCfg = Release|Any CPU
		{313FBEAE-7CE7-4C76-80C5-8599DD229FA6}.Release|Any CPU.Build.0 = Release|Any CPU
		{2D32D7A8-A821-4EB9-AC73-BF401B0DEC52}.Debug|Any CPU.ActiveCfg = Debug|Any CPU
		{2D32D7A8-A821-4EB9-AC73-BF401B0DEC52}.Debug|Any CPU.Build.0 = Debug|Any CPU
		{2D32D7A8-A821-4EB9-AC73-BF401B0DEC52}.Release|Any CPU.ActiveCfg = Release|Any CPU
		{2D32D7A8-A821-4EB9-AC73-BF401B0DEC52}.Release|Any CPU.Build.0 = Release|Any CPU
		{4EBBA0DE-556F-4C9C-A7D6-66C9ED190CF0}.Debug|Any CPU.ActiveCfg = Debug|Any CPU
		{4EBBA0DE-556F-4C9C-A7D6-66C9ED190CF0}.Debug|Any CPU.Build.0 = Debug|Any CPU
		{4EBBA0DE-556F-4C9C-A7D6-66C9ED190CF0}.Release|Any CPU.ActiveCfg = Release|Any CPU
		{4EBBA0DE-556F-4C9C-A7D6-66C9ED190CF0}.Release|Any CPU.Build.0 = Release|Any CPU
		{8F276B3E-F8E2-45FF-A178-2A0887D67E01}.Debug|Any CPU.ActiveCfg = Debug|Any CPU
		{8F276B3E-F8E2-45FF-A178-2A0887D67E01}.Debug|Any CPU.Build.0 = Debug|Any CPU
		{8F276B3E-F8E2-45FF-A178-2A0887D67E01}.Release|Any CPU.ActiveCfg = Release|Any CPU
		{8F276B3E-F8E2-45FF-A178-2A0887D67E01}.Release|Any CPU.Build.0 = Release|Any CPU
		{6C6D6EAF-DE76-40BD-940A-F5A8BED46523}.Debug|Any CPU.ActiveCfg = Debug|Any CPU
		{6C6D6EAF-DE76-40BD-940A-F5A8BED46523}.Debug|Any CPU.Build.0 = Debug|Any CPU
		{6C6D6EAF-DE76-40BD-940A-F5A8BED46523}.Release|Any CPU.ActiveCfg = Release|Any CPU
		{6C6D6EAF-DE76-40BD-940A-F5A8BED46523}.Release|Any CPU.Build.0 = Release|Any CPU
		{947925C4-8491-4AA0-8DD3-E785B4BE4CE7}.Debug|Any CPU.ActiveCfg = Debug|Any CPU
		{947925C4-8491-4AA0-8DD3-E785B4BE4CE7}.Debug|Any CPU.Build.0 = Debug|Any CPU
		{947925C4-8491-4AA0-8DD3-E785B4BE4CE7}.Release|Any CPU.ActiveCfg = Release|Any CPU
		{947925C4-8491-4AA0-8DD3-E785B4BE4CE7}.Release|Any CPU.Build.0 = Release|Any CPU
		{8326A553-CEBA-42A1-BB6D-0E3737B716F0}.Debug|Any CPU.ActiveCfg = Debug|Any CPU
		{8326A553-CEBA-42A1-BB6D-0E3737B716F0}.Debug|Any CPU.Build.0 = Debug|Any CPU
		{8326A553-CEBA-42A1-BB6D-0E3737B716F0}.Release|Any CPU.ActiveCfg = Release|Any CPU
		{8326A553-CEBA-42A1-BB6D-0E3737B716F0}.Release|Any CPU.Build.0 = Release|Any CPU
		{696188F1-EA5D-45CC-B749-1837120962FD}.Debug|Any CPU.ActiveCfg = Debug|Any CPU
		{696188F1-EA5D-45CC-B749-1837120962FD}.Debug|Any CPU.Build.0 = Debug|Any CPU
		{696188F1-EA5D-45CC-B749-1837120962FD}.Release|Any CPU.ActiveCfg = Release|Any CPU
		{696188F1-EA5D-45CC-B749-1837120962FD}.Release|Any CPU.Build.0 = Release|Any CPU
		{C40AC8C1-593D-4D89-8C01-EF1D31F956EC}.Debug|Any CPU.ActiveCfg = Debug|Any CPU
		{C40AC8C1-593D-4D89-8C01-EF1D31F956EC}.Debug|Any CPU.Build.0 = Debug|Any CPU
		{C40AC8C1-593D-4D89-8C01-EF1D31F956EC}.Release|Any CPU.ActiveCfg = Release|Any CPU
		{C40AC8C1-593D-4D89-8C01-EF1D31F956EC}.Release|Any CPU.Build.0 = Release|Any CPU
		{558CA03A-FCC2-4D35-9527-40747E291C8F}.Debug|Any CPU.ActiveCfg = Debug|Any CPU
		{558CA03A-FCC2-4D35-9527-40747E291C8F}.Debug|Any CPU.Build.0 = Debug|Any CPU
		{558CA03A-FCC2-4D35-9527-40747E291C8F}.Release|Any CPU.ActiveCfg = Release|Any CPU
		{558CA03A-FCC2-4D35-9527-40747E291C8F}.Release|Any CPU.Build.0 = Release|Any CPU
		{C4865207-FED1-4EDF-B55B-EC0D3BA447A8}.Debug|Any CPU.ActiveCfg = Debug|Any CPU
		{C4865207-FED1-4EDF-B55B-EC0D3BA447A8}.Debug|Any CPU.Build.0 = Debug|Any CPU
		{C4865207-FED1-4EDF-B55B-EC0D3BA447A8}.Release|Any CPU.ActiveCfg = Release|Any CPU
		{C4865207-FED1-4EDF-B55B-EC0D3BA447A8}.Release|Any CPU.Build.0 = Release|Any CPU
		{41C880D1-6164-4322-921E-ADE88C3A91E3}.Debug|Any CPU.ActiveCfg = Debug|Any CPU
		{41C880D1-6164-4322-921E-ADE88C3A91E3}.Debug|Any CPU.Build.0 = Debug|Any CPU
		{41C880D1-6164-4322-921E-ADE88C3A91E3}.Release|Any CPU.ActiveCfg = Release|Any CPU
		{41C880D1-6164-4322-921E-ADE88C3A91E3}.Release|Any CPU.Build.0 = Release|Any CPU
		{749CC8F0-2BC6-4B7B-BC35-77144DC6109D}.Debug|Any CPU.ActiveCfg = Debug|Any CPU
		{749CC8F0-2BC6-4B7B-BC35-77144DC6109D}.Debug|Any CPU.Build.0 = Debug|Any CPU
		{749CC8F0-2BC6-4B7B-BC35-77144DC6109D}.Release|Any CPU.ActiveCfg = Release|Any CPU
		{749CC8F0-2BC6-4B7B-BC35-77144DC6109D}.Release|Any CPU.Build.0 = Release|Any CPU
		{167CADA4-EAAD-4427-B589-515AABF15A50}.Debug|Any CPU.ActiveCfg = Debug|Any CPU
		{167CADA4-EAAD-4427-B589-515AABF15A50}.Debug|Any CPU.Build.0 = Debug|Any CPU
		{167CADA4-EAAD-4427-B589-515AABF15A50}.Release|Any CPU.ActiveCfg = Release|Any CPU
		{167CADA4-EAAD-4427-B589-515AABF15A50}.Release|Any CPU.Build.0 = Release|Any CPU
		{DE637053-D480-4D84-83D7-32CF8B2F6B29}.Debug|Any CPU.ActiveCfg = Debug|Any CPU
		{DE637053-D480-4D84-83D7-32CF8B2F6B29}.Debug|Any CPU.Build.0 = Debug|Any CPU
		{DE637053-D480-4D84-83D7-32CF8B2F6B29}.Release|Any CPU.ActiveCfg = Release|Any CPU
		{DE637053-D480-4D84-83D7-32CF8B2F6B29}.Release|Any CPU.Build.0 = Release|Any CPU
		{384C65DB-6782-4D73-BB28-B0B2734CFA69}.Debug|Any CPU.ActiveCfg = Debug|Any CPU
		{384C65DB-6782-4D73-BB28-B0B2734CFA69}.Debug|Any CPU.Build.0 = Debug|Any CPU
		{384C65DB-6782-4D73-BB28-B0B2734CFA69}.Release|Any CPU.ActiveCfg = Release|Any CPU
		{384C65DB-6782-4D73-BB28-B0B2734CFA69}.Release|Any CPU.Build.0 = Release|Any CPU
		{2154AEC1-063F-4505-B48C-65E6C509FC08}.Debug|Any CPU.ActiveCfg = Debug|Any CPU
		{2154AEC1-063F-4505-B48C-65E6C509FC08}.Debug|Any CPU.Build.0 = Debug|Any CPU
		{2154AEC1-063F-4505-B48C-65E6C509FC08}.Release|Any CPU.ActiveCfg = Release|Any CPU
		{2154AEC1-063F-4505-B48C-65E6C509FC08}.Release|Any CPU.Build.0 = Release|Any CPU
		{60A7EC32-BA81-4553-8EA4-6151C768DF90}.Debug|Any CPU.ActiveCfg = Debug|Any CPU
		{60A7EC32-BA81-4553-8EA4-6151C768DF90}.Debug|Any CPU.Build.0 = Debug|Any CPU
		{60A7EC32-BA81-4553-8EA4-6151C768DF90}.Release|Any CPU.ActiveCfg = Release|Any CPU
		{60A7EC32-BA81-4553-8EA4-6151C768DF90}.Release|Any CPU.Build.0 = Release|Any CPU
		{D4351074-73B4-4ED0-8250-B6DFA0A2A306}.Debug|Any CPU.ActiveCfg = Debug|Any CPU
		{D4351074-73B4-4ED0-8250-B6DFA0A2A306}.Debug|Any CPU.Build.0 = Debug|Any CPU
		{D4351074-73B4-4ED0-8250-B6DFA0A2A306}.Release|Any CPU.ActiveCfg = Release|Any CPU
		{D4351074-73B4-4ED0-8250-B6DFA0A2A306}.Release|Any CPU.Build.0 = Release|Any CPU
		{5DDCA575-17A9-4B55-B276-2D0E913D258B}.Debug|Any CPU.ActiveCfg = Debug|Any CPU
		{5DDCA575-17A9-4B55-B276-2D0E913D258B}.Debug|Any CPU.Build.0 = Debug|Any CPU
		{5DDCA575-17A9-4B55-B276-2D0E913D258B}.Release|Any CPU.ActiveCfg = Release|Any CPU
		{5DDCA575-17A9-4B55-B276-2D0E913D258B}.Release|Any CPU.Build.0 = Release|Any CPU
		{1359DEDA-4FB6-4900-A877-92556D2E6965}.Debug|Any CPU.ActiveCfg = Debug|Any CPU
		{1359DEDA-4FB6-4900-A877-92556D2E6965}.Debug|Any CPU.Build.0 = Debug|Any CPU
		{1359DEDA-4FB6-4900-A877-92556D2E6965}.Release|Any CPU.ActiveCfg = Release|Any CPU
		{1359DEDA-4FB6-4900-A877-92556D2E6965}.Release|Any CPU.Build.0 = Release|Any CPU
		{F1077517-E20F-4D90-8F4A-A7DAAA1C63A5}.Debug|Any CPU.ActiveCfg = Debug|Any CPU
		{F1077517-E20F-4D90-8F4A-A7DAAA1C63A5}.Debug|Any CPU.Build.0 = Debug|Any CPU
		{F1077517-E20F-4D90-8F4A-A7DAAA1C63A5}.Release|Any CPU.ActiveCfg = Release|Any CPU
		{F1077517-E20F-4D90-8F4A-A7DAAA1C63A5}.Release|Any CPU.Build.0 = Release|Any CPU
		{6DAEE557-D00C-4BCF-8459-A5101982BC41}.Debug|Any CPU.ActiveCfg = Debug|Any CPU
		{6DAEE557-D00C-4BCF-8459-A5101982BC41}.Debug|Any CPU.Build.0 = Debug|Any CPU
		{6DAEE557-D00C-4BCF-8459-A5101982BC41}.Release|Any CPU.ActiveCfg = Release|Any CPU
		{6DAEE557-D00C-4BCF-8459-A5101982BC41}.Release|Any CPU.Build.0 = Release|Any CPU
		{A3F2C3E5-228D-4BB2-8A34-8213A6868592}.Debug|Any CPU.ActiveCfg = Debug|Any CPU
		{A3F2C3E5-228D-4BB2-8A34-8213A6868592}.Debug|Any CPU.Build.0 = Debug|Any CPU
		{A3F2C3E5-228D-4BB2-8A34-8213A6868592}.Release|Any CPU.ActiveCfg = Release|Any CPU
		{A3F2C3E5-228D-4BB2-8A34-8213A6868592}.Release|Any CPU.Build.0 = Release|Any CPU
		{1A47A677-89ED-4838-AF4F-3055E0313180}.Debug|Any CPU.ActiveCfg = Debug|Any CPU
		{1A47A677-89ED-4838-AF4F-3055E0313180}.Debug|Any CPU.Build.0 = Debug|Any CPU
		{1A47A677-89ED-4838-AF4F-3055E0313180}.Release|Any CPU.ActiveCfg = Release|Any CPU
		{1A47A677-89ED-4838-AF4F-3055E0313180}.Release|Any CPU.Build.0 = Release|Any CPU
		{D0F64FB1-E1BF-4E64-BFAA-D6A54A58C096}.Debug|Any CPU.ActiveCfg = Debug|Any CPU
		{D0F64FB1-E1BF-4E64-BFAA-D6A54A58C096}.Debug|Any CPU.Build.0 = Debug|Any CPU
		{D0F64FB1-E1BF-4E64-BFAA-D6A54A58C096}.Release|Any CPU.ActiveCfg = Release|Any CPU
		{D0F64FB1-E1BF-4E64-BFAA-D6A54A58C096}.Release|Any CPU.Build.0 = Release|Any CPU
		{5B1CDC99-9EE0-4AF0-99C7-DA0B0F49032B}.Debug|Any CPU.ActiveCfg = Debug|Any CPU
		{5B1CDC99-9EE0-4AF0-99C7-DA0B0F49032B}.Debug|Any CPU.Build.0 = Debug|Any CPU
		{5B1CDC99-9EE0-4AF0-99C7-DA0B0F49032B}.Release|Any CPU.ActiveCfg = Release|Any CPU
		{5B1CDC99-9EE0-4AF0-99C7-DA0B0F49032B}.Release|Any CPU.Build.0 = Release|Any CPU
		{5649206E-5A84-4E62-ABA3-E7F7AB2169CA}.Debug|Any CPU.ActiveCfg = Debug|Any CPU
		{5649206E-5A84-4E62-ABA3-E7F7AB2169CA}.Debug|Any CPU.Build.0 = Debug|Any CPU
		{5649206E-5A84-4E62-ABA3-E7F7AB2169CA}.Release|Any CPU.ActiveCfg = Release|Any CPU
		{5649206E-5A84-4E62-ABA3-E7F7AB2169CA}.Release|Any CPU.Build.0 = Release|Any CPU
		{F4B98914-E4E4-412A-A94B-A20386C50298}.Debug|Any CPU.ActiveCfg = Debug|Any CPU
		{F4B98914-E4E4-412A-A94B-A20386C50298}.Debug|Any CPU.Build.0 = Debug|Any CPU
		{F4B98914-E4E4-412A-A94B-A20386C50298}.Release|Any CPU.ActiveCfg = Release|Any CPU
		{F4B98914-E4E4-412A-A94B-A20386C50298}.Release|Any CPU.Build.0 = Release|Any CPU
		{51614D9A-5ED8-4F7F-BDC3-B8646D494A89}.Debug|Any CPU.ActiveCfg = Debug|Any CPU
		{51614D9A-5ED8-4F7F-BDC3-B8646D494A89}.Debug|Any CPU.Build.0 = Debug|Any CPU
		{51614D9A-5ED8-4F7F-BDC3-B8646D494A89}.Release|Any CPU.ActiveCfg = Release|Any CPU
		{51614D9A-5ED8-4F7F-BDC3-B8646D494A89}.Release|Any CPU.Build.0 = Release|Any CPU
		{C1A56F82-5338-4BA7-87CF-B024643513C8}.Debug|Any CPU.ActiveCfg = Debug|Any CPU
		{C1A56F82-5338-4BA7-87CF-B024643513C8}.Debug|Any CPU.Build.0 = Debug|Any CPU
		{C1A56F82-5338-4BA7-87CF-B024643513C8}.Release|Any CPU.ActiveCfg = Release|Any CPU
		{C1A56F82-5338-4BA7-87CF-B024643513C8}.Release|Any CPU.Build.0 = Release|Any CPU
		{200E0887-03B8-4474-B028-845BC392448F}.Debug|Any CPU.ActiveCfg = Debug|Any CPU
		{200E0887-03B8-4474-B028-845BC392448F}.Debug|Any CPU.Build.0 = Debug|Any CPU
		{200E0887-03B8-4474-B028-845BC392448F}.Release|Any CPU.ActiveCfg = Release|Any CPU
		{200E0887-03B8-4474-B028-845BC392448F}.Release|Any CPU.Build.0 = Release|Any CPU
		{AB921408-9A74-4F40-85F1-0A4062D544E5}.Debug|Any CPU.ActiveCfg = Debug|Any CPU
		{AB921408-9A74-4F40-85F1-0A4062D544E5}.Debug|Any CPU.Build.0 = Debug|Any CPU
		{AB921408-9A74-4F40-85F1-0A4062D544E5}.Release|Any CPU.ActiveCfg = Release|Any CPU
		{AB921408-9A74-4F40-85F1-0A4062D544E5}.Release|Any CPU.Build.0 = Release|Any CPU
		{0B59BA1E-59FF-4F29-A3C4-85DE4AEAFB4C}.Debug|Any CPU.ActiveCfg = Debug|Any CPU
		{0B59BA1E-59FF-4F29-A3C4-85DE4AEAFB4C}.Debug|Any CPU.Build.0 = Debug|Any CPU
		{0B59BA1E-59FF-4F29-A3C4-85DE4AEAFB4C}.Release|Any CPU.ActiveCfg = Release|Any CPU
		{0B59BA1E-59FF-4F29-A3C4-85DE4AEAFB4C}.Release|Any CPU.Build.0 = Release|Any CPU
		{0479C98E-EBC0-4E18-8554-22D9AC0218DF}.Debug|Any CPU.ActiveCfg = Debug|Any CPU
		{0479C98E-EBC0-4E18-8554-22D9AC0218DF}.Debug|Any CPU.Build.0 = Debug|Any CPU
		{0479C98E-EBC0-4E18-8554-22D9AC0218DF}.Release|Any CPU.ActiveCfg = Release|Any CPU
		{0479C98E-EBC0-4E18-8554-22D9AC0218DF}.Release|Any CPU.Build.0 = Release|Any CPU
		{CB64B592-DFD8-4478-A7EE-1A2DF8B87AE7}.Debug|Any CPU.ActiveCfg = Debug|Any CPU
		{CB64B592-DFD8-4478-A7EE-1A2DF8B87AE7}.Debug|Any CPU.Build.0 = Debug|Any CPU
		{CB64B592-DFD8-4478-A7EE-1A2DF8B87AE7}.Release|Any CPU.ActiveCfg = Release|Any CPU
		{CB64B592-DFD8-4478-A7EE-1A2DF8B87AE7}.Release|Any CPU.Build.0 = Release|Any CPU
		{D90BD1D3-E01E-434F-B0E9-BC807BC71B1B}.Debug|Any CPU.ActiveCfg = Debug|Any CPU
		{D90BD1D3-E01E-434F-B0E9-BC807BC71B1B}.Debug|Any CPU.Build.0 = Debug|Any CPU
		{D90BD1D3-E01E-434F-B0E9-BC807BC71B1B}.Release|Any CPU.ActiveCfg = Release|Any CPU
		{D90BD1D3-E01E-434F-B0E9-BC807BC71B1B}.Release|Any CPU.Build.0 = Release|Any CPU
	EndGlobalSection
	GlobalSection(SolutionProperties) = preSolution
		HideSolutionNode = FALSE
	EndGlobalSection
	GlobalSection(ExtensibilityGlobals) = postSolution
		SolutionGuid = {4ED97628-813F-4452-A4AE-B12A80A2CB28}
	EndGlobalSection
EndGlobal
